{"1.2.0",
[{<<"castore">>,{pkg,<<"castore">>,<<"0.1.22">>},2},
 {<<"cowboy">>,{pkg,<<"cowboy">>,<<"2.10.0">>},1},
 {<<"cowlib">>,{pkg,<<"cowlib">>,<<"2.16.0">>},1},
 {<<"crudjt">>,{pkg,<<"crudjt">>,<<"1.0.0-beta.0">>},1},
 {<<"crudjt_erlang">>,
  {git,"git@github.com:crudjt/crudjt_erlang.git",
       {ref,"480fcedde9c61e660db287fb49ed6010af4ae34a"}},
  0},
 {<<"decimal">>,{pkg,<<"decimal">>,<<"1.9.0">>},2},
 {<<"flow">>,{pkg,<<"flow">>,<<"1.2.4">>},1},
 {<<"gen_stage">>,{pkg,<<"gen_stage">>,<<"1.3.2">>},1},
 {<<"googleapis">>,{pkg,<<"googleapis">>,<<"0.1.0">>},1},
 {<<"grpc">>,{pkg,<<"grpc">>,<<"0.9.0">>},1},
 {<<"gun">>,{pkg,<<"gun">>,<<"2.0.1">>},1},
 {<<"hpax">>,{pkg,<<"hpax">>,<<"0.1.2">>},1},
 {<<"jason">>,{pkg,<<"jason">>,<<"1.4.1">>},1},
 {<<"mime">>,{pkg,<<"mime">>,<<"1.6.0">>},3},
 {<<"mint">>,{pkg,<<"mint">>,<<"1.6.1">>},1},
 {<<"msgpax">>,{pkg,<<"msgpax">>,<<"2.4.0">>},1},
 {<<"plug">>,{pkg,<<"plug">>,<<"1.16.1">>},2},
 {<<"plug_crypto">>,{pkg,<<"plug_crypto">>,<<"1.1.2">>},3},
 {<<"protobuf">>,{pkg,<<"protobuf">>,<<"0.12.0">>},1},
 {<<"ranch">>,{pkg,<<"ranch">>,<<"2.1.0">>},1},
 {<<"rustler">>,{pkg,<<"rustler">>,<<"0.29.1">>},1},
 {<<"telemetry">>,{pkg,<<"telemetry">>,<<"1.3.0">>},1},
 {<<"toml">>,{pkg,<<"toml">>,<<"0.7.0">>},1}]}.
[
{pkg_hash,[
 {<<"castore">>, <<"4127549E411BEDD012CA3A308DEDE574F43819FE9394254CA55AB4895ABFA1A2">>},
 {<<"cowboy">>, <<"FF9FFEFF91DAE4AE270DD975642997AFE2A1179D94B1887863E43F681A203E26">>},
 {<<"cowlib">>, <<"54592074EBBBB92EE4746C8A8846E5605052F29309D3A873468D76CDF932076F">>},
 {<<"crudjt">>, <<"0D67503F0262526E815574D81CEAC791358C867ACD977FA61A50C62C5778B284">>},
 {<<"decimal">>, <<"83E8DAF59631D632B171FAABAFB4A9F4242C514B0A06BA3DF493951C08F64D07">>},
 {<<"flow">>, <<"1DD58918287EB286656008777CB32714B5123D3855956F29AA141EBAE456922D">>},
 {<<"gen_stage">>, <<"7C77E5D1E97DE2C6C2F78F306F463BCA64BF2F4C3CDD606AFFC0100B89743B7B">>},
 {<<"googleapis">>, <<"13770F3F75F5B863FB9ACF41633C7BC71BAD788F3F553B66481A096D083EE20E">>},
 {<<"grpc">>, <<"1B930A57272D4356EA65969B984C2EB04F3DAB81420E1E28F0E6EC04B8F88515">>},
 {<<"gun">>, <<"160A9A5394800FCBA41BC7E6D421295CF9A7894C2252C0678244948E3336AD73">>},
 {<<"hpax">>, <<"09A75600D9D8BBD064CDD741F21FC06FC1F4CF3D0FCC335E5AA19BE1A7235C84">>},
 {<<"jason">>, <<"AF1504E35F629DDCDD6ADDB3513C3853991F694921B1B9368B0BD32BEB9F1B63">>},
 {<<"mime">>, <<"DABDE576A497CEF4BBDD60ACEEE8160E02A6C89250D6C0B29E56C0DFB00DB3D2">>},
 {<<"mint">>, <<"065E8A5BC9BBD46A41099DFEA3E0656436C5CBCB6E741C80BD2BAD5CD872446F">>},
 {<<"msgpax">>, <<"4647575C87CB0C43B93266438242C21F71F196CAFA268F45F91498541148C15D">>},
 {<<"plug">>, <<"40C74619C12F82736D2214557DEDEC2E9762029B2438D6D175C5074C933EDC9D">>},
 {<<"plug_crypto">>, <<"BDD187572CC26DBD95B87136290425F2B580A116D3FB1F564216918C9730D227">>},
 {<<"protobuf">>, <<"58C0DFEA5F929B96B5AA54EC02B7130688F09D2DE5DDC521D696EEC2A015B223">>},
 {<<"ranch">>, <<"2261F9ED9574DCFCC444106B9F6DA155E6E540B2F82BA3D42B339B93673B72A3">>},
 {<<"rustler">>, <<"880F20AE3027BD7945DEF6CEA767F5257BC926F33FF50C0D5D5A5315883C084D">>},
 {<<"telemetry">>, <<"FEDEBBAE410D715CF8E7062C96A1EF32EC22E764197F70CDA73D82778D61E7A2">>},
 {<<"toml">>, <<"FBCD773CAA937D0C7A02C301A1FEEA25612720AC3FA1CCB8BFD9D30D822911DE">>}]},
{pkg_hash_ext,[
 {<<"castore">>, <<"C17576DF47EB5AA1EE40CC4134316A99F5CAD3E215D5C77B8DD3CFEF12A22CAC">>},
 {<<"cowboy">>, <<"3AFDCCB7183CC6F143CB14D3CF51FA00E53DB9EC80CDCD525482F5E99BC41D6B">>},
 {<<"cowlib">>, <<"7F478D80D66B747344F0EA7708C187645CFCC08B11AA424632F78E25BF05DB51">>},
 {<<"crudjt">>, <<"24C06FB246D992B01DF5D9DEDF7865BB81473117B8C219D81E1D418D97335C11">>},
 {<<"decimal">>, <<"B1F2343568EED6928F3E751CF2DFFDE95BFAA19DD95D09E8A9EA92CCFD6F7D85">>},
 {<<"flow">>, <<"874ADDE96368E71870F3510B91E35BC31652291858C86C0E75359CBDD35EB211">>},
 {<<"gen_stage">>, <<"0FFAE547FA777B3ED889A6B9E1E64566217413D018CABD825F786E843FFE63E7">>},
 {<<"googleapis">>, <<"1989A7244FD17D3EB5F3DE311A022B656C3736B39740DB46506157C4604BD212">>},
 {<<"grpc">>, <<"7C059698248738FCF7AD551F1D78F4A3D2E0642A72A5834F2A0B0DB4B9F3D2B5">>},
 {<<"gun">>, <<"A10BC8D6096B9502205022334F719CC9A08D9ADCFBFC0DBEE9EF31B56274A20B">>},
 {<<"hpax">>, <<"2C87843D5A23F5F16748EBE77969880E29809580EFDACCD615CD3BED628A8C13">>},
 {<<"jason">>, <<"FBB01ECDFD565B56261302F7E1FCC27C4FB8F32D56EAB74DB621FC154604A7A1">>},
 {<<"mime">>, <<"31A1A8613F8321143DDE1DAFC36006A17D28D02BDFECB9E95A880FA7AABD19A7">>},
 {<<"mint">>, <<"4FC518DCC191D02F433393A72A7BA3F6F94B101D094CB6BF532EA54C89423780">>},
 {<<"msgpax">>, <<"CA933891B0E7075701A17507C61642BF6E0407BB244040D5D0A58597A06369D2">>},
 {<<"plug">>, <<"A13FF6B9006B03D7E33874945B2755253841B238C34071ED85B0E86057F8CDDC">>},
 {<<"plug_crypto">>, <<"6B8B608F895B6FFCFAD49C37C7883E8DF98AE19C6A28113B02AA1E9C5B22D6B5">>},
 {<<"protobuf">>, <<"75FA6CBF262062073DD51BE44DD0AB940500E18386A6C4E87D5819A58964DC45">>},
 {<<"ranch">>, <<"244EE3FA2A6175270D8E1FC59024FD9DBC76294A321057DE8F803B1479E76916">>},
 {<<"rustler">>, <<"109497D701861BFCD26EB8F5801FE327A8EEF304F56A5B63EF61151FF44AC9B6">>},
 {<<"telemetry">>, <<"7015FC8919DBE63764F4B4B87A95B7C0996BD539E0D499BE6EC9D7F3875B79E6">>},
 {<<"toml">>, <<"0690246A2478C1DEFD100B0C9B89B4EA280A22BE9A7B313A8A058A2408A2FA70">>}]}
].
